
Microsoft Visual Studio Solution File, Format Version 12.00
# Visual Studio 15
Project("{FAE04EC0-301F-11D3-BF4B-00C04F79EFBC}") = "UnityEditor.UI", "UnityEditor.UI.csproj", "{08846818-231E-A06E-FD24-F8A262AE77F3}"
EndProject
Project("{FAE04EC0-301F-11D3-BF4B-00C04F79EFBC}") = "Meryel.CodeAssist.Editor", "Meryel.CodeAssist.Editor.csproj", "{BE92B9CC-FDA2-F416-3462-6E716F8BA9F5}"
EndProject
Project("{FAE04EC0-301F-11D3-BF4B-00C04F79EFBC}") = "UnityEngine.UI", "UnityEngine.UI.csproj", "{97EA7A66-2E16-F369-6626-C8BC9D26DAE1}"
EndProject
Project("{FAE04EC0-301F-11D3-BF4B-00C04F79EFBC}") = "Assembly-CSharp", "Assembly-CSharp.csproj", "{DE3947FB-74B1-A273-C39F-B112502E3EA6}"
EndProject
Project("{FAE04EC0-301F-11D3-BF4B-00C04F79EFBC}") = "Assembly-CSharp-Editor", "Assembly-CSharp-Editor.csproj", "{FCF7C1EB-0088-0CF8-E536-EAD67170B078}"
EndProject
Global
	GlobalSection(SolutionConfigurationPlatforms) = preSolution
		Debug|Any CPU = Debug|Any CPU
		Release|Any CPU = Release|Any CPU
	EndGlobalSection
	GlobalSection(ProjectConfigurationPlatforms) = postSolution
		{08846818-231E-A06E-FD24-F8A262AE77F3}.Debug|Any CPU.ActiveCfg = Debug|Any CPU
		{08846818-231E-A06E-FD24-F8A262AE77F3}.Debug|Any CPU.Build.0 = Debug|Any CPU
		{08846818-231E-A06E-FD24-F8A262AE77F3}.Release|Any CPU.ActiveCfg = Release|Any CPU
		{08846818-231E-A06E-FD24-F8A262AE77F3}.Release|Any CPU.Build.0 = Release|Any CPU
		{BE92B9CC-FDA2-F416-3462-6E716F8BA9F5}.Debug|Any CPU.ActiveCfg = Debug|Any CPU
		{BE92B9CC-FDA2-F416-3462-6E716F8BA9F5}.Debug|Any CPU.Build.0 = Debug|Any CPU
		{BE92B9CC-FDA2-F416-3462-6E716F8BA9F5}.Release|Any CPU.ActiveCfg = Release|Any CPU
		{BE92B9CC-FDA2-F416-3462-6E716F8BA9F5}.Release|Any CPU.Build.0 = Release|Any CPU
		{97EA7A66-2E16-F369-6626-C8BC9D26DAE1}.Debug|Any CPU.ActiveCfg = Debug|Any CPU
		{97EA7A66-2E16-F369-6626-C8BC9D26DAE1}.Debug|Any CPU.Build.0 = Debug|Any CPU
		{97EA7A66-2E16-F369-6626-C8BC9D26DAE1}.Release|Any CPU.ActiveCfg = Release|Any CPU
		{97EA7A66-2E16-F369-6626-C8BC9D26DAE1}.Release|Any CPU.Build.0 = Release|Any CPU
		{DE3947FB-74B1-A273-C39F-B112502E3EA6}.Debug|Any CPU.ActiveCfg = Debug|Any CPU
		{DE3947FB-74B1-A273-C39F-B112502E3EA6}.Debug|Any CPU.Build.0 = Debug|Any CPU
		{DE3947FB-74B1-A273-C39F-B112502E3EA6}.Release|Any CPU.ActiveCfg = Release|Any CPU
		{DE3947FB-74B1-A273-C39F-B112502E3EA6}.Release|Any CPU.Build.0 = Release|Any CPU
		{FCF7C1EB-0088-0CF8-E536-EAD67170B078}.Debug|Any CPU.ActiveCfg = Debug|Any CPU
		{FCF7C1EB-0088-0CF8-E536-EAD67170B078}.Debug|Any CPU.Build.0 = Debug|Any CPU
		{FCF7C1EB-0088-0CF8-E536-EAD67170B078}.Release|Any CPU.ActiveCfg = Release|Any CPU
		{FCF7C1EB-0088-0CF8-E536-EAD67170B078}.Release|Any CPU.Build.0 = Release|Any CPU
	EndGlobalSection
	GlobalSection(SolutionProperties) = preSolution
		HideSolutionNode = FALSE
	EndGlobalSection
EndGlobal
